
Microsoft Visual Studio Solution File, Format Version 11.00
# Visual C# Express 2010
Project("{FAE04EC0-301F-11D3-BF4B-00C04F79EFBC}") = "PropController Configuration Utility", "PropController Configuration Utility\PropController Configuration Utility.csproj", "{9DB7A4BD-4D3A-4EF1-836C-722EB1463E73}"
EndProject
Global
	GlobalSection(SolutionConfigurationPlatforms) = preSolution
		Debug|x86 = Debug|x86
		Release|x86 = Release|x86
	EndGlobalSection
	GlobalSection(ProjectConfigurationPlatforms) = postSolution
		{9DB7A4BD-4D3A-4EF1-836C-722EB1463E73}.Debug|x86.ActiveCfg = Debug|x86
		{9DB7A4BD-4D3A-4EF1-836C-722EB1463E73}.Debug|x86.Build.0 = Debug|x86
		{9DB7A4BD-4D3A-4EF1-836C-722EB1463E73}.Release|x86.ActiveCfg = Release|x86
		{9DB7A4BD-4D3A-4EF1-836C-722EB1463E73}.Release|x86.Build.0 = Release|x86
	EndGlobalSection
	GlobalSection(SolutionProperties) = preSolution
		HideSolutionNode = FALSE
	EndGlobalSection
EndGlobal
